// !$*UTF8*$!
{
	archiveVersion = 1;
	classes = {
	};
	objectVersion = 56;
	objects = {

/* Begin PBXBuildFile section */
		DA1132CA2A31AFFE0002CB21 /* MenuSuggestionSectionView.swift in Sources */ = {isa = PBXBuildFile; fileRef = DA1132C92A31AFFE0002CB21 /* MenuSuggestionSectionView.swift */; };
		DA1132CC2A31B05E0002CB21 /* CoffeeMenu.swift in Sources */ = {isa = PBXBuildFile; fileRef = DA1132CB2A31B05E0002CB21 /* CoffeeMenu.swift */; };
		DAC82C862A29A7CE002C68CC /* CafeAppApp.swift in Sources */ = {isa = PBXBuildFile; fileRef = DAC82C852A29A7CE002C68CC /* CafeAppApp.swift */; };
		DAC82C882A29A7CE002C68CC /* MainTabView.swift in Sources */ = {isa = PBXBuildFile; fileRef = DAC82C872A29A7CE002C68CC /* MainTabView.swift */; };
		DAC82C8A2A29A7CF002C68CC /* Assets.xcassets in Resources */ = {isa = PBXBuildFile; fileRef = DAC82C892A29A7CF002C68CC /* Assets.xcassets */; };
		DAC82C8D2A29A7CF002C68CC /* Preview Assets.xcassets in Resources */ = {isa = PBXBuildFile; fileRef = DAC82C8C2A29A7CF002C68CC /* Preview Assets.xcassets */; };
		DAC82C972A29A7CF002C68CC /* CafeAppTests.swift in Sources */ = {isa = PBXBuildFile; fileRef = DAC82C962A29A7CF002C68CC /* CafeAppTests.swift */; };
		DAC82CA12A29A7CF002C68CC /* CafeAppUITests.swift in Sources */ = {isa = PBXBuildFile; fileRef = DAC82CA02A29A7CF002C68CC /* CafeAppUITests.swift */; };
		DAC82CA32A29A7CF002C68CC /* CafeAppUITestsLaunchTests.swift in Sources */ = {isa = PBXBuildFile; fileRef = DAC82CA22A29A7CF002C68CC /* CafeAppUITestsLaunchTests.swift */; };
		DAC82CB52A29B048002C68CC /* Tab.swift in Sources */ = {isa = PBXBuildFile; fileRef = DAC82CB42A29B048002C68CC /* Tab.swift */; };
/* End PBXBuildFile section */

/* Begin PBXContainerItemProxy section */
		DAC82C932A29A7CF002C68CC /* PBXContainerItemProxy */ = {
			isa = PBXContainerItemProxy;
			containerPortal = DAC82C7A2A29A7CE002C68CC /* Project object */;
			proxyType = 1;
			remoteGlobalIDString = DAC82C812A29A7CE002C68CC;
			remoteInfo = CafeApp;
		};
		DAC82C9D2A29A7CF002C68CC /* PBXContainerItemProxy */ = {
			isa = PBXContainerItemProxy;
			containerPortal = DAC82C7A2A29A7CE002C68CC /* Project object */;
			proxyType = 1;
			remoteGlobalIDString = DAC82C812A29A7CE002C68CC;
			remoteInfo = CafeApp;
		};
/* End PBXContainerItemProxy section */

/* Begin PBXFileReference section */
		DA1132C92A31AFFE0002CB21 /* MenuSuggestionSectionView.swift */ = {isa = PBXFileReference; lastKnownFileType = sourcecode.swift; path = MenuSuggestionSectionView.swift; sourceTree = "<group>"; };
		DA1132CB2A31B05E0002CB21 /* CoffeeMenu.swift */ = {isa = PBXFileReference; lastKnownFileType = sourcecode.swift; path = CoffeeMenu.swift; sourceTree = "<group>"; };
		DAC82C822A29A7CE002C68CC /* CafeApp.app */ = {isa = PBXFileReference; explicitFileType = wrapper.application; includeInIndex = 0; path = CafeApp.app; sourceTree = BUILT_PRODUCTS_DIR; };
		DAC82C852A29A7CE002C68CC /* CafeAppApp.swift */ = {isa = PBXFileReference; lastKnownFileType = sourcecode.swift; path = CafeAppApp.swift; sourceTree = "<group>"; };
		DAC82C872A29A7CE002C68CC /* MainTabView.swift */ = {isa = PBXFileReference; lastKnownFileType = sourcecode.swift; path = MainTabView.swift; sourceTree = "<group>"; };
		DAC82C892A29A7CF002C68CC /* Assets.xcassets */ = {isa = PBXFileReference; lastKnownFileType = folder.assetcatalog; path = Assets.xcassets; sourceTree = "<group>"; };
		DAC82C8C2A29A7CF002C68CC /* Preview Assets.xcassets */ = {isa = PBXFileReference; lastKnownFileType = folder.assetcatalog; path = "Preview Assets.xcassets"; sourceTree = "<group>"; };
		DAC82C922A29A7CF002C68CC /* CafeAppTests.xctest */ = {isa = PBXFileReference; explicitFileType = wrapper.cfbundle; includeInIndex = 0; path = CafeAppTests.xctest; sourceTree = BUILT_PRODUCTS_DIR; };
		DAC82C962A29A7CF002C68CC /* CafeAppTests.swift */ = {isa = PBXFileReference; lastKnownFileType = sourcecode.swift; path = CafeAppTests.swift; sourceTree = "<group>"; };
		DAC82C9C2A29A7CF002C68CC /* CafeAppUITests.xctest */ = {isa = PBXFileReference; explicitFileType = wrapper.cfbundle; includeInIndex = 0; path = CafeAppUITests.xctest; sourceTree = BUILT_PRODUCTS_DIR; };
		DAC82CA02A29A7CF002C68CC /* CafeAppUITests.swift */ = {isa = PBXFileReference; lastKnownFileType = sourcecode.swift; path = CafeAppUITests.swift; sourceTree = "<group>"; };
		DAC82CA22A29A7CF002C68CC /* CafeAppUITestsLaunchTests.swift */ = {isa = PBXFileReference; lastKnownFileType = sourcecode.swift; path = CafeAppUITestsLaunchTests.swift; sourceTree = "<group>"; };
		DAC82CB42A29B048002C68CC /* Tab.swift */ = {isa = PBXFileReference; lastKnownFileType = sourcecode.swift; path = Tab.swift; sourceTree = "<group>"; };
/* End PBXFileReference section */

/* Begin PBXFrameworksBuildPhase section */
		DAC82C7F2A29A7CE002C68CC /* Frameworks */ = {
			isa = PBXFrameworksBuildPhase;
			buildActionMask = 2147483647;
			files = (
			);
			runOnlyForDeploymentPostprocessing = 0;
		};
		DAC82C8F2A29A7CF002C68CC /* Frameworks */ = {
			isa = PBXFrameworksBuildPhase;
			buildActionMask = 2147483647;
			files = (
			);
			runOnlyForDeploymentPostprocessing = 0;
		};
		DAC82C992A29A7CF002C68CC /* Frameworks */ = {
			isa = PBXFrameworksBuildPhase;
			buildActionMask = 2147483647;
			files = (
			);
			runOnlyForDeploymentPostprocessing = 0;
		};
/* End PBXFrameworksBuildPhase section */

/* Begin PBXGroup section */
		DAC82C792A29A7CE002C68CC = {
			isa = PBXGroup;
			children = (
				DAC82C842A29A7CE002C68CC /* CafeApp */,
				DAC82C952A29A7CF002C68CC /* CafeAppTests */,
				DAC82C9F2A29A7CF002C68CC /* CafeAppUITests */,
				DAC82C832A29A7CE002C68CC /* Products */,
			);
			sourceTree = "<group>";
		};
		DAC82C832A29A7CE002C68CC /* Products */ = {
			isa = PBXGroup;
			children = (
				DAC82C822A29A7CE002C68CC /* CafeApp.app */,
				DAC82C922A29A7CF002C68CC /* CafeAppTests.xctest */,
				DAC82C9C2A29A7CF002C68CC /* CafeAppUITests.xctest */,
			);
			name = Products;
			sourceTree = "<group>";
		};
		DAC82C842A29A7CE002C68CC /* CafeApp */ = {
			isa = PBXGroup;
			children = (
				DAC82C852A29A7CE002C68CC /* CafeAppApp.swift */,
				DA1132CB2A31B05E0002CB21 /* CoffeeMenu.swift */,
				DAC82CAF2A29B002002C68CC /* Screens */,
				DAC82C892A29A7CF002C68CC /* Assets.xcassets */,
				DAC82C8B2A29A7CF002C68CC /* Preview Content */,
			);
			path = CafeApp;
			sourceTree = "<group>";
		};
		DAC82C8B2A29A7CF002C68CC /* Preview Content */ = {
			isa = PBXGroup;
			children = (
				DAC82C8C2A29A7CF002C68CC /* Preview Assets.xcassets */,
			);
			path = "Preview Content";
			sourceTree = "<group>";
		};
		DAC82C952A29A7CF002C68CC /* CafeAppTests */ = {
			isa = PBXGroup;
			children = (
				DAC82C962A29A7CF002C68CC /* CafeAppTests.swift */,
			);
			path = CafeAppTests;
			sourceTree = "<group>";
		};
		DAC82C9F2A29A7CF002C68CC /* CafeAppUITests */ = {
			isa = PBXGroup;
			children = (
				DAC82CA02A29A7CF002C68CC /* CafeAppUITests.swift */,
				DAC82CA22A29A7CF002C68CC /* CafeAppUITestsLaunchTests.swift */,
			);
			path = CafeAppUITests;
			sourceTree = "<group>";
		};
		DAC82CAF2A29B002002C68CC /* Screens */ = {
			isa = PBXGroup;
			children = (
				DAC82CB02A29B013002C68CC /* Tab */,
				DAC82CB12A29B019002C68CC /* Home */,
				DAC82CB22A29B023002C68CC /* Other */,
			);
			path = Screens;
			sourceTree = "<group>";
		};
		DAC82CB02A29B013002C68CC /* Tab */ = {
			isa = PBXGroup;
			children = (
				DAC82C872A29A7CE002C68CC /* MainTabView.swift */,
				DAC82CB42A29B048002C68CC /* Tab.swift */,
			);
			path = Tab;
			sourceTree = "<group>";
		};
		DAC82CB12A29B019002C68CC /* Home */ = {
			isa = PBXGroup;
			children = (
				DA1132C92A31AFFE0002CB21 /* MenuSuggestionSectionView.swift */,
			);
			path = Home;
			sourceTree = "<group>";
		};
		DAC82CB22A29B023002C68CC /* Other */ = {
			isa = PBXGroup;
			children = (
			);
			path = Other;
			sourceTree = "<group>";
		};
/* End PBXGroup section */

/* Begin PBXNativeTarget section */
		DAC82C812A29A7CE002C68CC /* CafeApp */ = {
			isa = PBXNativeTarget;
			buildConfigurationList = DAC82CA62A29A7CF002C68CC /* Build configuration list for PBXNativeTarget "CafeApp" */;
			buildPhases = (
				DAC82C7E2A29A7CE002C68CC /* Sources */,
				DAC82C7F2A29A7CE002C68CC /* Frameworks */,
				DAC82C802A29A7CE002C68CC /* Resources */,
			);
			buildRules = (
			);
			dependencies = (
			);
			name = CafeApp;
			productName = CafeApp;
			productReference = DAC82C822A29A7CE002C68CC /* CafeApp.app */;
			productType = "com.apple.product-type.application";
		};
		DAC82C912A29A7CF002C68CC /* CafeAppTests */ = {
			isa = PBXNativeTarget;
			buildConfigurationList = DAC82CA92A29A7CF002C68CC /* Build configuration list for PBXNativeTarget "CafeAppTests" */;
			buildPhases = (
				DAC82C8E2A29A7CF002C68CC /* Sources */,
				DAC82C8F2A29A7CF002C68CC /* Frameworks */,
				DAC82C902A29A7CF002C68CC /* Resources */,
			);
			buildRules = (
			);
			dependencies = (
				DAC82C942A29A7CF002C68CC /* PBXTargetDependency */,
			);
			name = CafeAppTests;
			productName = CafeAppTests;
			productReference = DAC82C922A29A7CF002C68CC /* CafeAppTests.xctest */;
			productType = "com.apple.product-type.bundle.unit-test";
		};
		DAC82C9B2A29A7CF002C68CC /* CafeAppUITests */ = {
			isa = PBXNativeTarget;
			buildConfigurationList = DAC82CAC2A29A7CF002C68CC /* Build configuration list for PBXNativeTarget "CafeAppUITests" */;
			buildPhases = (
				DAC82C982A29A7CF002C68CC /* Sources */,
				DAC82C992A29A7CF002C68CC /* Frameworks */,
				DAC82C9A2A29A7CF002C68CC /* Resources */,
			);
			buildRules = (
			);
			dependencies = (
				DAC82C9E2A29A7CF002C68CC /* PBXTargetDependency */,
			);
			name = CafeAppUITests;
			productName = CafeAppUITests;
			productReference = DAC82C9C2A29A7CF002C68CC /* CafeAppUITests.xctest */;
			productType = "com.apple.product-type.bundle.ui-testing";
		};
/* End PBXNativeTarget section */

/* Begin PBXProject section */
		DAC82C7A2A29A7CE002C68CC /* Project object */ = {
			isa = PBXProject;
			attributes = {
				BuildIndependentTargetsInParallel = 1;
				LastSwiftUpdateCheck = 1430;
				LastUpgradeCheck = 1430;
				TargetAttributes = {
					DAC82C812A29A7CE002C68CC = {
						CreatedOnToolsVersion = 14.3;
					};
					DAC82C912A29A7CF002C68CC = {
						CreatedOnToolsVersion = 14.3;
						TestTargetID = DAC82C812A29A7CE002C68CC;
					};
					DAC82C9B2A29A7CF002C68CC = {
						CreatedOnToolsVersion = 14.3;
						TestTargetID = DAC82C812A29A7CE002C68CC;
					};
				};
			};
			buildConfigurationList = DAC82C7D2A29A7CE002C68CC /* Build configuration list for PBXProject "CafeApp" */;
			compatibilityVersion = "Xcode 14.0";
			developmentRegion = en;
			hasScannedForEncodings = 0;
			knownRegions = (
				en,
				Base,
			);
			mainGroup = DAC82C792A29A7CE002C68CC;
			productRefGroup = DAC82C832A29A7CE002C68CC /* Products */;
			projectDirPath = "";
			projectRoot = "";
			targets = (
				DAC82C812A29A7CE002C68CC /* CafeApp */,
				DAC82C912A29A7CF002C68CC /* CafeAppTests */,
				DAC82C9B2A29A7CF002C68CC /* CafeAppUITests */,
			);
		};
/* End PBXProject section */

/* Begin PBXResourcesBuildPhase section */
		DAC82C802A29A7CE002C68CC /* Resources */ = {
			isa = PBXResourcesBuildPhase;
			buildActionMask = 2147483647;
			files = (
				DAC82C8D2A29A7CF002C68CC /* Preview Assets.xcassets in Resources */,
				DAC82C8A2A29A7CF002C68CC /* Assets.xcassets in Resources */,
			);
			runOnlyForDeploymentPostprocessing = 0;
		};
		DAC82C902A29A7CF002C68CC /* Resources */ = {
			isa = PBXResourcesBuildPhase;
			buildActionMask = 2147483647;
			files = (
			);
			runOnlyForDeploymentPostprocessing = 0;
		};
		DAC82C9A2A29A7CF002C68CC /* Resources */ = {
			isa = PBXResourcesBuildPhase;
			buildActionMask = 2147483647;
			files = (
			);
			runOnlyForDeploymentPostprocessing = 0;
		};
/* End PBXResourcesBuildPhase section */

/* Begin PBXSourcesBuildPhase section */
		DAC82C7E2A29A7CE002C68CC /* Sources */ = {
			isa = PBXSourcesBuildPhase;
			buildActionMask = 2147483647;
			files = (
				DAC82CB52A29B048002C68CC /* Tab.swift in Sources */,
				DAC82C882A29A7CE002C68CC /* MainTabView.swift in Sources */,
				DA1132CC2A31B05E0002CB21 /* CoffeeMenu.swift in Sources */,
				DAC82C862A29A7CE002C68CC /* CafeAppApp.swift in Sources */,
				DA1132CA2A31AFFE0002CB21 /* MenuSuggestionSectionView.swift in Sources */,
			);
			runOnlyForDeploymentPostprocessing = 0;
		};
		DAC82C8E2A29A7CF002C68CC /* Sources */ = {
			isa = PBXSourcesBuildPhase;
			buildActionMask = 2147483647;
			files = (
				DAC82C972A29A7CF002C68CC /* CafeAppTests.swift in Sources */,
			);
			runOnlyForDeploymentPostprocessing = 0;
		};
		DAC82C982A29A7CF002C68CC /* Sources */ = {
			isa = PBXSourcesBuildPhase;
			buildActionMask = 2147483647;
			files = (
				DAC82CA12A29A7CF002C68CC /* CafeAppUITests.swift in Sources */,
				DAC82CA32A29A7CF002C68CC /* CafeAppUITestsLaunchTests.swift in Sources */,
			);
			runOnlyForDeploymentPostprocessing = 0;
		};
/* End PBXSourcesBuildPhase section */

/* Begin PBXTargetDependency section */
		DAC82C942A29A7CF002C68CC /* PBXTargetDependency */ = {
			isa = PBXTargetDependency;
			target = DAC82C812A29A7CE002C68CC /* CafeApp */;
			targetProxy = DAC82C932A29A7CF002C68CC /* PBXContainerItemProxy */;
		};
		DAC82C9E2A29A7CF002C68CC /* PBXTargetDependency */ = {
			isa = PBXTargetDependency;
			target = DAC82C812A29A7CE002C68CC /* CafeApp */;
			targetProxy = DAC82C9D2A29A7CF002C68CC /* PBXContainerItemProxy */;
		};
/* End PBXTargetDependency section */

/* Begin XCBuildConfiguration section */
		DAC82CA42A29A7CF002C68CC /* Debug */ = {
			isa = XCBuildConfiguration;
			buildSettings = {
				ALWAYS_SEARCH_USER_PATHS = NO;
				CLANG_ANALYZER_NONNULL = YES;
				CLANG_ANALYZER_NUMBER_OBJECT_CONVERSION = YES_AGGRESSIVE;
				CLANG_CXX_LANGUAGE_STANDARD = "gnu++20";
				CLANG_ENABLE_MODULES = YES;
				CLANG_ENABLE_OBJC_ARC = YES;
				CLANG_ENABLE_OBJC_WEAK = YES;
				CLANG_WARN_BLOCK_CAPTURE_AUTORELEASING = YES;
				CLANG_WARN_BOOL_CONVERSION = YES;
				CLANG_WARN_COMMA = YES;
				CLANG_WARN_CONSTANT_CONVERSION = YES;
				CLANG_WARN_DEPRECATED_OBJC_IMPLEMENTATIONS = YES;
				CLANG_WARN_DIRECT_OBJC_ISA_USAGE = YES_ERROR;
				CLANG_WARN_DOCUMENTATION_COMMENTS = YES;
				CLANG_WARN_EMPTY_BODY = YES;
				CLANG_WARN_ENUM_CONVERSION = YES;
				CLANG_WARN_INFINITE_RECURSION = YES;
				CLANG_WARN_INT_CONVERSION = YES;
				CLANG_WARN_NON_LITERAL_NULL_CONVERSION = YES;
				CLANG_WARN_OBJC_IMPLICIT_RETAIN_SELF = YES;
				CLANG_WARN_OBJC_LITERAL_CONVERSION = YES;
				CLANG_WARN_OBJC_ROOT_CLASS = YES_ERROR;
				CLANG_WARN_QUOTED_INCLUDE_IN_FRAMEWORK_HEADER = YES;
				CLANG_WARN_RANGE_LOOP_ANALYSIS = YES;
				CLANG_WARN_STRICT_PROTOTYPES = YES;
				CLANG_WARN_SUSPICIOUS_MOVE = YES;
				CLANG_WARN_UNGUARDED_AVAILABILITY = YES_AGGRESSIVE;
				CLANG_WARN_UNREACHABLE_CODE = YES;
				CLANG_WARN__DUPLICATE_METHOD_MATCH = YES;
				COPY_PHASE_STRIP = NO;
				DEBUG_INFORMATION_FORMAT = dwarf;
				ENABLE_STRICT_OBJC_MSGSEND = YES;
				ENABLE_TESTABILITY = YES;
				GCC_C_LANGUAGE_STANDARD = gnu11;
				GCC_DYNAMIC_NO_PIC = NO;
				GCC_NO_COMMON_BLOCKS = YES;
				GCC_OPTIMIZATION_LEVEL = 0;
				GCC_PREPROCESSOR_DEFINITIONS = (
					"DEBUG=1",
					"$(inherited)",
				);
				GCC_WARN_64_TO_32_BIT_CONVERSION = YES;
				GCC_WARN_ABOUT_RETURN_TYPE = YES_ERROR;
				GCC_WARN_UNDECLARED_SELECTOR = YES;
				GCC_WARN_UNINITIALIZED_AUTOS = YES_AGGRESSIVE;
				GCC_WARN_UNUSED_FUNCTION = YES;
				GCC_WARN_UNUSED_VARIABLE = YES;
				IPHONEOS_DEPLOYMENT_TARGET = 16.4;
				MTL_ENABLE_DEBUG_INFO = INCLUDE_SOURCE;
				MTL_FAST_MATH = YES;
				ONLY_ACTIVE_ARCH = YES;
				SDKROOT = iphoneos;
				SWIFT_ACTIVE_COMPILATION_CONDITIONS = DEBUG;
				SWIFT_OPTIMIZATION_LEVEL = "-Onone";
			};
			name = Debug;
		};
		DAC82CA52A29A7CF002C68CC /* Release */ = {
			isa = XCBuildConfiguration;
			buildSettings = {
				ALWAYS_SEARCH_USER_PATHS = NO;
				CLANG_ANALYZER_NONNULL = YES;
				CLANG_ANALYZER_NUMBER_OBJECT_CONVERSION = YES_AGGRESSIVE;
				CLANG_CXX_LANGUAGE_STANDARD = "gnu++20";
				CLANG_ENABLE_MODULES = YES;
				CLANG_ENABLE_OBJC_ARC = YES;
				CLANG_ENABLE_OBJC_WEAK = YES;
				CLANG_WARN_BLOCK_CAPTURE_AUTORELEASING = YES;
				CLANG_WARN_BOOL_CONVERSION = YES;
				CLANG_WARN_COMMA = YES;
				CLANG_WARN_CONSTANT_CONVERSION = YES;
				CLANG_WARN_DEPRECATED_OBJC_IMPLEMENTATIONS = YES;
				CLANG_WARN_DIRECT_OBJC_ISA_USAGE = YES_ERROR;
				CLANG_WARN_DOCUMENTATION_COMMENTS = YES;
				CLANG_WARN_EMPTY_BODY = YES;
				CLANG_WARN_ENUM_CONVERSION = YES;
				CLANG_WARN_INFINITE_RECURSION = YES;
				CLANG_WARN_INT_CONVERSION = YES;
				CLANG_WARN_NON_LITERAL_NULL_CONVERSION = YES;
				CLANG_WARN_OBJC_IMPLICIT_RETAIN_SELF = YES;
				CLANG_WARN_OBJC_LITERAL_CONVERSION = YES;
				CLANG_WARN_OBJC_ROOT_CLASS = YES_ERROR;
				CLANG_WARN_QUOTED_INCLUDE_IN_FRAMEWORK_HEADER = YES;
				CLANG_WARN_RANGE_LOOP_ANALYSIS = YES;
				CLANG_WARN_STRICT_PROTOTYPES = YES;
				CLANG_WARN_SUSPICIOUS_MOVE = YES;
				CLANG_WARN_UNGUARDED_AVAILABILITY = YES_AGGRESSIVE;
				CLANG_WARN_UNREACHABLE_CODE = YES;
				CLANG_WARN__DUPLICATE_METHOD_MATCH = YES;
				COPY_PHASE_STRIP = NO;
				DEBUG_INFORMATION_FORMAT = "dwarf-with-dsym";
				ENABLE_NS_ASSERTIONS = NO;
				ENABLE_STRICT_OBJC_MSGSEND = YES;
				GCC_C_LANGUAGE_STANDARD = gnu11;
				GCC_NO_COMMON_BLOCKS = YES;
				GCC_WARN_64_TO_32_BIT_CONVERSION = YES;
				GCC_WARN_ABOUT_RETURN_TYPE = YES_ERROR;
				GCC_WARN_UNDECLARED_SELECTOR = YES;
				GCC_WARN_UNINITIALIZED_AUTOS = YES_AGGRESSIVE;
				GCC_WARN_UNUSED_FUNCTION = YES;
				GCC_WARN_UNUSED_VARIABLE = YES;
				IPHONEOS_DEPLOYMENT_TARGET = 16.4;
				MTL_ENABLE_DEBUG_INFO = NO;
				MTL_FAST_MATH = YES;
				SDKROOT = iphoneos;
				SWIFT_COMPILATION_MODE = wholemodule;
				SWIFT_OPTIMIZATION_LEVEL = "-O";
				VALIDATE_PRODUCT = YES;
			};
			name = Release;
		};
		DAC82CA72A29A7CF002C68CC /* Debug */ = {
			isa = XCBuildConfiguration;
			buildSettings = {
				ASSETCATALOG_COMPILER_APPICON_NAME = AppIcon;
				ASSETCATALOG_COMPILER_GLOBAL_ACCENT_COLOR_NAME = AccentColor;
				CODE_SIGN_STYLE = Automatic;
				CURRENT_PROJECT_VERSION = 1;
				DEVELOPMENT_ASSET_PATHS = "\"CafeApp/Preview Content\"";
				DEVELOPMENT_TEAM = 839W2CPX46;
				ENABLE_PREVIEWS = YES;
				GENERATE_INFOPLIST_FILE = YES;
				INFOPLIST_KEY_UIApplicationSceneManifest_Generation = YES;
				INFOPLIST_KEY_UIApplicationSupportsIndirectInputEvents = YES;
				INFOPLIST_KEY_UILaunchScreen_Generation = YES;
				INFOPLIST_KEY_UISupportedInterfaceOrientations_iPad = "UIInterfaceOrientationPortrait UIInterfaceOrientationPortraitUpsideDown UIInterfaceOrientationLandscapeLeft UIInterfaceOrientationLandscapeRight";
				INFOPLIST_KEY_UISupportedInterfaceOrientations_iPhone = "UIInterfaceOrientationPortrait UIInterfaceOrientationLandscapeLeft UIInterfaceOrientationLandscapeRight";
				IPHONEOS_DEPLOYMENT_TARGET = 16.3;
				LD_RUNPATH_SEARCH_PATHS = (
					"$(inherited)",
					"@executable_path/Frameworks",
				);
				MARKETING_VERSION = 1.0;
				PRODUCT_BUNDLE_IDENTIFIER = com.example.CafeApp;
				PRODUCT_NAME = "$(TARGET_NAME)";
				SWIFT_EMIT_LOC_STRINGS = YES;
				SWIFT_VERSION = 5.0;
				TARGETED_DEVICE_FAMILY = "1,2";
			};
			name = Debug;
		};
		DAC82CA82A29A7CF002C68CC /* Release */ = {
			isa = XCBuildConfiguration;
			buildSettings = {
				ASSETCATALOG_COMPILER_APPICON_NAME = AppIcon;
				ASSETCATALOG_COMPILER_GLOBAL_ACCENT_COLOR_NAME = AccentColor;
				CODE_SIGN_STYLE = Automatic;
				CURRENT_PROJECT_VERSION = 1;
				DEVELOPMENT_ASSET_PATHS = "\"CafeApp/Preview Content\"";
				DEVELOPMENT_TEAM = 839W2CPX46;
				ENABLE_PREVIEWS = YES;
				GENERATE_INFOPLIST_FILE = YES;
				INFOPLIST_KEY_UIApplicationSceneManifest_Generation = YES;
				INFOPLIST_KEY_UIApplicationSupportsIndirectInputEvents = YES;
				INFOPLIST_KEY_UILaunchScreen_Generation = YES;
				INFOPLIST_KEY_UISupportedInterfaceOrientations_iPad = "UIInterfaceOrientationPortrait UIInterfaceOrientationPortraitUpsideDown UIInterfaceOrientationLandscapeLeft UIInterfaceOrientationLandscapeRight";
				INFOPLIST_KEY_UISupportedInterfaceOrientations_iPhone = "UIInterfaceOrientationPortrait UIInterfaceOrientationLandscapeLeft UIInterfaceOrientationLandscapeRight";
				IPHONEOS_DEPLOYMENT_TARGET = 16.3;
				LD_RUNPATH_SEARCH_PATHS = (
					"$(inherited)",
					"@executable_path/Frameworks",
				);
				MARKETING_VERSION = 1.0;
				PRODUCT_BUNDLE_IDENTIFIER = com.example.CafeApp;
				PRODUCT_NAME = "$(TARGET_NAME)";
				SWIFT_EMIT_LOC_STRINGS = YES;
				SWIFT_VERSION = 5.0;
				TARGETED_DEVICE_FAMILY = "1,2";
			};
			name = Release;
		};
		DAC82CAA2A29A7CF002C68CC /* Debug */ = {
			isa = XCBuildConfiguration;
			buildSettings = {
				ALWAYS_EMBED_SWIFT_STANDARD_LIBRARIES = YES;
				BUNDLE_LOADER = "$(TEST_HOST)";
				CODE_SIGN_STYLE = Automatic;
				CURRENT_PROJECT_VERSION = 1;
				DEVELOPMENT_TEAM = 839W2CPX46;
				GENERATE_INFOPLIST_FILE = YES;
				IPHONEOS_DEPLOYMENT_TARGET = 16.4;
				MARKETING_VERSION = 1.0;
				PRODUCT_BUNDLE_IDENTIFIER = com.example.CafeAppTests;
				PRODUCT_NAME = "$(TARGET_NAME)";
				SWIFT_EMIT_LOC_STRINGS = NO;
				SWIFT_VERSION = 5.0;
				TARGETED_DEVICE_FAMILY = "1,2";
				TEST_HOST = "$(BUILT_PRODUCTS_DIR)/CafeApp.app/$(BUNDLE_EXECUTABLE_FOLDER_PATH)/CafeApp";
			};
			name = Debug;
		};
		DAC82CAB2A29A7CF002C68CC /* Release */ = {
			isa = XCBuildConfiguration;
			buildSettings = {
				ALWAYS_EMBED_SWIFT_STANDARD_LIBRARIES = YES;
				BUNDLE_LOADER = "$(TEST_HOST)";
				CODE_SIGN_STYLE = Automatic;
				CURRENT_PROJECT_VERSION = 1;
				DEVELOPMENT_TEAM = 839W2CPX46;
				GENERATE_INFOPLIST_FILE = YES;
				IPHONEOS_DEPLOYMENT_TARGET = 16.4;
				MARKETING_VERSION = 1.0;
				PRODUCT_BUNDLE_IDENTIFIER = com.example.CafeAppTests;
				PRODUCT_NAME = "$(TARGET_NAME)";
				SWIFT_EMIT_LOC_STRINGS = NO;
				SWIFT_VERSION = 5.0;
				TARGETED_DEVICE_FAMILY = "1,2";
				TEST_HOST = "$(BUILT_PRODUCTS_DIR)/CafeApp.app/$(BUNDLE_EXECUTABLE_FOLDER_PATH)/CafeApp";
			};
			name = Release;
		};
		DAC82CAD2A29A7CF002C68CC /* Debug */ = {
			isa = XCBuildConfiguration;
			buildSettings = {
				ALWAYS_EMBED_SWIFT_STANDARD_LIBRARIES = YES;
				CODE_SIGN_STYLE = Automatic;
				CURRENT_PROJECT_VERSION = 1;
				DEVELOPMENT_TEAM = 839W2CPX46;
				GENERATE_INFOPLIST_FILE = YES;
				MARKETING_VERSION = 1.0;
				PRODUCT_BUNDLE_IDENTIFIER = com.example.CafeAppUITests;
				PRODUCT_NAME = "$(TARGET_NAME)";
				SWIFT_EMIT_LOC_STRINGS = NO;
				SWIFT_VERSION = 5.0;
				TARGETED_DEVICE_FAMILY = "1,2";
				TEST_TARGET_NAME = CafeApp;
			};
			name = Debug;
		};
		DAC82CAE2A29A7CF002C68CC /* Release */ = {
			isa = XCBuildConfiguration;
			buildSettings = {
				ALWAYS_EMBED_SWIFT_STANDARD_LIBRARIES = YES;
				CODE_SIGN_STYLE = Automatic;
				CURRENT_PROJECT_VERSION = 1;
				DEVELOPMENT_TEAM = 839W2CPX46;
				GENERATE_INFOPLIST_FILE = YES;
				MARKETING_VERSION = 1.0;
				PRODUCT_BUNDLE_IDENTIFIER = com.example.CafeAppUITests;
				PRODUCT_NAME = "$(TARGET_NAME)";
				SWIFT_EMIT_LOC_STRINGS = NO;
				SWIFT_VERSION = 5.0;
				TARGETED_DEVICE_FAMILY = "1,2";
				TEST_TARGET_NAME = CafeApp;
			};
			name = Release;
		};
/* End XCBuildConfiguration section */

/* Begin XCConfigurationList section */
		DAC82C7D2A29A7CE002C68CC /* Build configuration list for PBXProject "CafeApp" */ = {
			isa = XCConfigurationList;
			buildConfigurations = (
				DAC82CA42A29A7CF002C68CC /* Debug */,
				DAC82CA52A29A7CF002C68CC /* Release */,
			);
			defaultConfigurationIsVisible = 0;
			defaultConfigurationName = Release;
		};
		DAC82CA62A29A7CF002C68CC /* Build configuration list for PBXNativeTarget "CafeApp" */ = {
			isa = XCConfigurationList;
			buildConfigurations = (
				DAC82CA72A29A7CF002C68CC /* Debug */,
				DAC82CA82A29A7CF002C68CC /* Release */,
			);
			defaultConfigurationIsVisible = 0;
			defaultConfigurationName = Release;
		};
		DAC82CA92A29A7CF002C68CC /* Build configuration list for PBXNativeTarget "CafeAppTests" */ = {
			isa = XCConfigurationList;
			buildConfigurations = (
				DAC82CAA2A29A7CF002C68CC /* Debug */,
				DAC82CAB2A29A7CF002C68CC /* Release */,
			);
			defaultConfigurationIsVisible = 0;
			defaultConfigurationName = Release;
		};
		DAC82CAC2A29A7CF002C68CC /* Build configuration list for PBXNativeTarget "CafeAppUITests" */ = {
			isa = XCConfigurationList;
			buildConfigurations = (
				DAC82CAD2A29A7CF002C68CC /* Debug */,
				DAC82CAE2A29A7CF002C68CC /* Release */,
			);
			defaultConfigurationIsVisible = 0;
			defaultConfigurationName = Release;
		};
/* End XCConfigurationList section */
	};
	rootObject = DAC82C7A2A29A7CE002C68CC /* Project object */;
}
